{
  "requires": true,
  "lockfileVersion": 1,
  "dependencies": {
    "@esbuild/win32-x64": {
      "version": "0.18.20",
      "resolved": "https://bofaz.pkgs.visualstudio.com/_packaging/BofI.Npm/npm/registry/@esbuild/win32-x64/-/win32-x64-0.18.20.tgz",
      "integrity": "sha1-eGxfQfBDsHr7GvN2g9fDNmiFj20=",
      "optional": true
    },
    "esbuild": {
      "version": "0.18.20",
      "resolved": "https://bofaz.pkgs.visualstudio.com/_packaging/BofI.Npm/npm/registry/esbuild/-/esbuild-0.18.20.tgz",
      "integrity": "sha1-Rwn1o0gBtDt5mrfW2C9yhKm3p6Y=",
      "requires": {
        "@esbuild/win32-x64": "0.18.20"
      }
    },
    "fsevents": {
      "version": "2.3.3",
      "resolved": "https://bofaz.pkgs.visualstudio.com/_packaging/BofI.Npm/npm/registry/fsevents/-/fsevents-2.3.3.tgz",
      "integrity": "sha1-ysZAd4XQNnWipeGlMFxpezR9kNY=",
      "optional": true
    },
    "nanoid": {
      "version": "3.3.7",
      "resolved": "https://bofaz.pkgs.visualstudio.com/_packaging/BofI.Npm/npm/registry/nanoid/-/nanoid-3.3.7.tgz",
      "integrity": "sha1-0MMBppG8jVTvoKIibM8/4v1la9g="
    },
    "picocolors": {
      "version": "1.0.0",
      "resolved": "https://bofaz.pkgs.visualstudio.com/_packaging/BofI.Npm/npm/registry/picocolors/-/picocolors-1.0.0.tgz",
      "integrity": "sha1-y1vcdP8/UYkiNur3nWi8RFZKuBw="
    },
    "postcss": {
      "version": "8.4.31",
      "resolved": "https://bofaz.pkgs.visualstudio.com/_packaging/BofI.Npm/npm/registry/postcss/-/postcss-8.4.31.tgz",
      "integrity": "sha1-krRRBQqfkU2mdVrzUr3AGSUIZW0=",
      "requires": {
        "nanoid": "^3.3.6",
        "picocolors": "^1.0.0",
        "source-map-js": "^1.0.2"
      }
    },
    "rollup": {
      "version": "3.28.1",
      "resolved": "https://bofaz.pkgs.visualstudio.com/_packaging/BofI.Npm/npm/registry/rollup/-/rollup-3.28.1.tgz",
      "integrity": "sha1-+0SqbV5lx+E/1bz/8mbQxOqbpDM=",
      "requires": {
        "fsevents": "~2.3.2"
      }
    },
    "source-map-js": {
      "version": "1.0.2",
      "resolved": "https://bofaz.pkgs.visualstudio.com/_packaging/BofI.Npm/npm/registry/source-map-js/-/source-map-js-1.0.2.tgz",
      "integrity": "sha1-rbw2HZxi3zgBJefxYfccgm8eSQw="
    },
    "vite": {
      "version": "4.4.7",
      "resolved": "https://bofaz.pkgs.visualstudio.com/_packaging/BofI.Npm/npm/registry/vite/-/vite-4.4.7.tgz",
      "integrity": "sha1-cbijerr41QVhrKCE27d/o0KCQVQ=",
      "requires": {
        "esbuild": "^0.18.10",
        "fsevents": "~2.3.2",
        "postcss": "^8.4.26",
        "rollup": "^3.25.2"
      }
    }
  }
}
